
Microsoft Visual Studio Solution File, Format Version 12.00
# Visual Studio Version 17
VisualStudioVersion = 17.14.36429.23
MinimumVisualStudioVersion = 10.0.40219.1
Project("{FAE04EC0-301F-11D3-BF4B-00C04F79EFBC}") = "HMSApi", "HMSApi.csproj", "{27E8F6C8-2188-4E25-A82F-B3CDCCCC12CF}"
EndProject
Project("{FAE04EC0-301F-11D3-BF4B-00C04F79EFBC}") = "HMSBusinessLayer", "..\HMSBusinessLayer\HMSBusinessLayer.csproj", "{9A7AFF1A-DB0D-44B3-9D41-2AED2372FD26}"
EndProject
Project("{FAE04EC0-301F-11D3-BF4B-00C04F79EFBC}") = "HMSDataAccessLayer", "..\HTMDataAccessLayer\HMSDataAccessLayer.csproj", "{B90A81AF-EB59-43B2-B19A-7F2D4CB10332}"
EndProject
Project("{FAE04EC0-301F-11D3-BF4B-00C04F79EFBC}") = "HMSShared", "..\HMSShared\HMSShared.csproj", "{F7E79464-C4CB-4F02-9E4F-05C8F1CA8024}"
EndProject
Global
	GlobalSection(SolutionConfigurationPlatforms) = preSolution
		Debug|Any CPU = Debug|Any CPU
		Release|Any CPU = Release|Any CPU
	EndGlobalSection
	GlobalSection(ProjectConfigurationPlatforms) = postSolution
		{27E8F6C8-2188-4E25-A82F-B3CDCCCC12CF}.Debug|Any CPU.ActiveCfg = Debug|Any CPU
		{27E8F6C8-2188-4E25-A82F-B3CDCCCC12CF}.Debug|Any CPU.Build.0 = Debug|Any CPU
		{27E8F6C8-2188-4E25-A82F-B3CDCCCC12CF}.Release|Any CPU.ActiveCfg = Release|Any CPU
		{27E8F6C8-2188-4E25-A82F-B3CDCCCC12CF}.Release|Any CPU.Build.0 = Release|Any CPU
		{9A7AFF1A-DB0D-44B3-9D41-2AED2372FD26}.Debug|Any CPU.ActiveCfg = Debug|Any CPU
		{9A7AFF1A-DB0D-44B3-9D41-2AED2372FD26}.Debug|Any CPU.Build.0 = Debug|Any CPU
		{9A7AFF1A-DB0D-44B3-9D41-2AED2372FD26}.Release|Any CPU.ActiveCfg = Release|Any CPU
		{9A7AFF1A-DB0D-44B3-9D41-2AED2372FD26}.Release|Any CPU.Build.0 = Release|Any CPU
		{B90A81AF-EB59-43B2-B19A-7F2D4CB10332}.Debug|Any CPU.ActiveCfg = Debug|Any CPU
		{B90A81AF-EB59-43B2-B19A-7F2D4CB10332}.Debug|Any CPU.Build.0 = Debug|Any CPU
		{B90A81AF-EB59-43B2-B19A-7F2D4CB10332}.Release|Any CPU.ActiveCfg = Release|Any CPU
		{B90A81AF-EB59-43B2-B19A-7F2D4CB10332}.Release|Any CPU.Build.0 = Release|Any CPU
		{F7E79464-C4CB-4F02-9E4F-05C8F1CA8024}.Debug|Any CPU.ActiveCfg = Debug|Any CPU
		{F7E79464-C4CB-4F02-9E4F-05C8F1CA8024}.Debug|Any CPU.Build.0 = Debug|Any CPU
		{F7E79464-C4CB-4F02-9E4F-05C8F1CA8024}.Release|Any CPU.ActiveCfg = Release|Any CPU
		{F7E79464-C4CB-4F02-9E4F-05C8F1CA8024}.Release|Any CPU.Build.0 = Release|Any CPU
	EndGlobalSection
	GlobalSection(SolutionProperties) = preSolution
		HideSolutionNode = FALSE
	EndGlobalSection
	GlobalSection(ExtensibilityGlobals) = postSolution
		SolutionGuid = {0177C9D0-75C1-4018-8DCA-185A0E3E1E1D}
	EndGlobalSection
EndGlobal
